<Solution>
	<Configurations>
		<BuildType Name="Debug" />
		<BuildType Name="DebugFast" />
		<BuildType Name="Release" />
	</Configurations>
	<Project Path="ArchiSteamFarm/ArchiSteamFarm/ArchiSteamFarm.csproj" />
	<Project Path="BotManagerPlugin.Tests/BotManagerPlugin.Tests.csproj">
		<BuildType Solution="DebugFast|*" Project="Debug" />
	</Project>
	<Project Path="BotManagerPlugin/BotManagerPlugin.csproj">
		<BuildType Solution="DebugFast|*" Project="Debug" />
	</Project>
</Solution>